{
  "version": 4,
  "terraform_version": "1.9.4",
  "serial": 143,
  "lineage": "c24fbdc0-fa72-bb1b-e25e-de17a537b876",
  "outputs": {},
  "resources": [
    {
      "module": "module.alb",
      "mode": "managed",
      "type": "aws_alb",
      "name": "this",
      "provider": "provider[\"registry.terraform.io/hashicorp/aws\"]",
      "instances": [
        {
          "schema_version": 0,
          "attributes": {
            "access_logs": [
              {
                "bucket": "",
                "enabled": false,
                "prefix": ""
              }
            ],
            "arn": "arn:aws:elasticloadbalancing:ap-northeast-2:108782082145:loadbalancer/app/my-alb/1420f971f27544d9",
            "arn_suffix": "app/my-alb/1420f971f27544d9",
            "client_keep_alive": 3600,
            "connection_logs": [
              {
                "bucket": "",
                "enabled": false,
                "prefix": ""
              }
            ],
            "customer_owned_ipv4_pool": "",
            "desync_mitigation_mode": "defensive",
            "dns_name": "my-alb-1225001645.ap-northeast-2.elb.amazonaws.com",
            "dns_record_client_routing_policy": null,
            "drop_invalid_header_fields": false,
            "enable_cross_zone_load_balancing": true,
            "enable_deletion_protection": false,
            "enable_http2": true,
            "enable_tls_version_and_cipher_suite_headers": false,
            "enable_waf_fail_open": false,
            "enable_xff_client_port": false,
            "enable_zonal_shift": null,
            "enforce_security_group_inbound_rules_on_private_link_traffic": "",
            "id": "arn:aws:elasticloadbalancing:ap-northeast-2:108782082145:loadbalancer/app/my-alb/1420f971f27544d9",
            "idle_timeout": 60,
            "internal": false,
            "ip_address_type": "ipv4",
            "load_balancer_type": "application",
            "name": "my-alb",
            "name_prefix": "",
            "preserve_host_header": false,
            "security_groups": [
              "sg-082a00fcf578f2600"
            ],
            "subnet_mapping": [
              {
                "allocation_id": "",
                "ipv6_address": "",
                "outpost_id": "",
                "private_ipv4_address": "",
                "subnet_id": "subnet-005490a999310df91"
              },
              {
                "allocation_id": "",
                "ipv6_address": "",
                "outpost_id": "",
                "private_ipv4_address": "",
                "subnet_id": "subnet-038317e9c7ed0f934"
              }
            ],
            "subnets": [
              "subnet-005490a999310df91",
              "subnet-038317e9c7ed0f934"
            ],
            "tags": null,
            "tags_all": {},
            "timeouts": null,
            "vpc_id": "vpc-0e48fc8932914661d",
            "xff_header_processing_mode": "append",
            "zone_id": "ZWKZPGTI48KDX"
          },
          "sensitive_attributes": [],
          "private": "eyJlMmJmYjczMC1lY2FhLTExZTYtOGY4OC0zNDM2M2JjN2M0YzAiOnsiY3JlYXRlIjo2MDAwMDAwMDAwMDAsImRlbGV0ZSI6NjAwMDAwMDAwMDAwLCJ1cGRhdGUiOjYwMDAwMDAwMDAwMH19",
          "dependencies": [
            "module.security_group.aws_security_group.allow_ssh",
            "module.subnet.aws_subnet.public1",
            "module.subnet.aws_subnet.public2",
            "module.vpc.aws_vpc.main"
          ]
        }
      ]
    },
    {
      "module": "module.alb",
      "mode": "managed",
      "type": "aws_alb_listener",
      "name": "this",
      "provider": "provider[\"registry.terraform.io/hashicorp/aws\"]",
      "instances": [
        {
          "schema_version": 0,
          "attributes": {
            "alpn_policy": null,
            "arn": "arn:aws:elasticloadbalancing:ap-northeast-2:108782082145:listener/app/my-alb/1420f971f27544d9/8e66157758bc12e4",
            "certificate_arn": null,
            "default_action": [
              {
                "authenticate_cognito": [],
                "authenticate_oidc": [],
                "fixed_response": [],
                "forward": [],
                "order": 1,
                "redirect": [],
                "target_group_arn": "arn:aws:elasticloadbalancing:ap-northeast-2:108782082145:targetgroup/my-target-group/633b1c7328886d67",
                "type": "forward"
              }
            ],
            "id": "arn:aws:elasticloadbalancing:ap-northeast-2:108782082145:listener/app/my-alb/1420f971f27544d9/8e66157758bc12e4",
            "load_balancer_arn": "arn:aws:elasticloadbalancing:ap-northeast-2:108782082145:loadbalancer/app/my-alb/1420f971f27544d9",
            "mutual_authentication": [],
            "port": 8080,
            "protocol": "HTTP",
            "ssl_policy": "",
            "tags": null,
            "tags_all": {},
            "tcp_idle_timeout_seconds": null,
            "timeouts": null
          },
          "sensitive_attributes": [],
          "private": "eyJlMmJmYjczMC1lY2FhLTExZTYtOGY4OC0zNDM2M2JjN2M0YzAiOnsiY3JlYXRlIjozMDAwMDAwMDAwMDAsInVwZGF0ZSI6MzAwMDAwMDAwMDAwfX0=",
          "dependencies": [
            "module.alb.aws_alb.this",
            "module.alb.aws_alb_target_group.this",
            "module.security_group.aws_security_group.allow_ssh",
            "module.subnet.aws_subnet.public1",
            "module.subnet.aws_subnet.public2",
            "module.vpc.aws_vpc.main"
          ]
        }
      ]
    },
    {
      "module": "module.alb",
      "mode": "managed",
      "type": "aws_alb_target_group",
      "name": "this",
      "provider": "provider[\"registry.terraform.io/hashicorp/aws\"]",
      "instances": [
        {
          "schema_version": 0,
          "attributes": {
            "arn": "arn:aws:elasticloadbalancing:ap-northeast-2:108782082145:targetgroup/my-target-group/633b1c7328886d67",
            "arn_suffix": "targetgroup/my-target-group/633b1c7328886d67",
            "connection_termination": null,
            "deregistration_delay": "300",
            "health_check": [
              {
                "enabled": true,
                "healthy_threshold": 2,
                "interval": 30,
                "matcher": "200",
                "path": "/",
                "port": "traffic-port",
                "protocol": "HTTP",
                "timeout": 5,
                "unhealthy_threshold": 2
              }
            ],
            "id": "arn:aws:elasticloadbalancing:ap-northeast-2:108782082145:targetgroup/my-target-group/633b1c7328886d67",
            "ip_address_type": "ipv4",
            "lambda_multi_value_headers_enabled": false,
            "load_balancer_arns": [],
            "load_balancing_algorithm_type": "round_robin",
            "load_balancing_anomaly_mitigation": "off",
            "load_balancing_cross_zone_enabled": "use_load_balancer_configuration",
            "name": "my-target-group",
            "name_prefix": "",
            "port": 8080,
            "preserve_client_ip": null,
            "protocol": "HTTP",
            "protocol_version": "HTTP1",
            "proxy_protocol_v2": false,
            "slow_start": 0,
            "stickiness": [
              {
                "cookie_duration": 86400,
                "cookie_name": "",
                "enabled": true,
                "type": "lb_cookie"
              }
            ],
            "tags": null,
            "tags_all": {},
            "target_failover": [
              {
                "on_deregistration": null,
                "on_unhealthy": null
              }
            ],
            "target_group_health": [
              {
                "dns_failover": [
                  {
                    "minimum_healthy_targets_count": "1",
                    "minimum_healthy_targets_percentage": "off"
                  }
                ],
                "unhealthy_state_routing": [
                  {
                    "minimum_healthy_targets_count": 1,
                    "minimum_healthy_targets_percentage": "off"
                  }
                ]
              }
            ],
            "target_health_state": [
              {
                "enable_unhealthy_connection_termination": null,
                "unhealthy_draining_interval": null
              }
            ],
            "target_type": "instance",
            "vpc_id": "vpc-0e48fc8932914661d"
          },
          "sensitive_attributes": [],
          "private": "bnVsbA==",
          "dependencies": [
            "module.vpc.aws_vpc.main"
          ]
        }
      ]
    },
    {
      "module": "module.alb",
      "mode": "managed",
      "type": "aws_alb_target_group_attachment",
      "name": "web1",
      "provider": "provider[\"registry.terraform.io/hashicorp/aws\"]",
      "instances": [
        {
          "schema_version": 0,
          "attributes": {
            "availability_zone": null,
            "id": "arn:aws:elasticloadbalancing:ap-northeast-2:108782082145:targetgroup/my-target-group/633b1c7328886d67-20241031082117481400000007",
            "port": 8080,
            "target_group_arn": "arn:aws:elasticloadbalancing:ap-northeast-2:108782082145:targetgroup/my-target-group/633b1c7328886d67",
            "target_id": "i-05c764ecdc35dc542"
          },
          "sensitive_attributes": [],
          "private": "bnVsbA==",
          "dependencies": [
            "module.alb.aws_alb_target_group.this",
            "module.ec2.aws_instance.web1",
            "module.ec2.aws_instance.web2",
            "module.key_pair.aws_key_pair.my_key",
            "module.key_pair.tls_private_key.example",
            "module.security_group.aws_security_group.allow_ssh",
            "module.subnet.aws_subnet.private1",
            "module.subnet.aws_subnet.private2",
            "module.vpc.aws_vpc.main"
          ]
        }
      ]
    },
    {
      "module": "module.alb",
      "mode": "managed",
      "type": "aws_alb_target_group_attachment",
      "name": "web2",
      "provider": "provider[\"registry.terraform.io/hashicorp/aws\"]",
      "instances": [
        {
          "schema_version": 0,
          "attributes": {
            "availability_zone": null,
            "id": "arn:aws:elasticloadbalancing:ap-northeast-2:108782082145:targetgroup/my-target-group/633b1c7328886d67-20241031082117566600000008",
            "port": 8080,
            "target_group_arn": "arn:aws:elasticloadbalancing:ap-northeast-2:108782082145:targetgroup/my-target-group/633b1c7328886d67",
            "target_id": "i-04e0be412dcbdcdb2"
          },
          "sensitive_attributes": [],
          "private": "bnVsbA==",
          "dependencies": [
            "module.alb.aws_alb_target_group.this",
            "module.ec2.aws_instance.web1",
            "module.ec2.aws_instance.web2",
            "module.key_pair.aws_key_pair.my_key",
            "module.key_pair.tls_private_key.example",
            "module.security_group.aws_security_group.allow_ssh",
            "module.subnet.aws_subnet.private1",
            "module.subnet.aws_subnet.private2",
            "module.vpc.aws_vpc.main"
          ]
        }
      ]
    },
    {
      "module": "module.ec2",
      "mode": "managed",
      "type": "aws_instance",
      "name": "bastion_host",
      "provider": "provider[\"registry.terraform.io/hashicorp/aws\"]",
      "instances": [
        {
          "schema_version": 1,
          "attributes": {
            "ami": "ami-040c33c6a51fd5d96",
            "arn": "arn:aws:ec2:ap-northeast-2:108782082145:instance/i-01c14f7f5f5daca0a",
            "associate_public_ip_address": true,
            "availability_zone": "ap-northeast-2a",
            "capacity_reservation_specification": [
              {
                "capacity_reservation_preference": "open",
                "capacity_reservation_target": []
              }
            ],
            "cpu_core_count": 1,
            "cpu_options": [
              {
                "amd_sev_snp": "",
                "core_count": 1,
                "threads_per_core": 1
              }
            ],
            "cpu_threads_per_core": 1,
            "credit_specification": [
              {
                "cpu_credits": "standard"
              }
            ],
            "disable_api_stop": false,
            "disable_api_termination": false,
            "ebs_block_device": [],
            "ebs_optimized": false,
            "enclave_options": [
              {
                "enabled": false
              }
            ],
            "ephemeral_block_device": [],
            "get_password_data": false,
            "hibernation": false,
            "host_id": "",
            "host_resource_group_arn": null,
            "iam_instance_profile": "",
            "id": "i-01c14f7f5f5daca0a",
            "instance_initiated_shutdown_behavior": "stop",
            "instance_lifecycle": "",
            "instance_market_options": [],
            "instance_state": "running",
            "instance_type": "t2.micro",
            "ipv6_address_count": 0,
            "ipv6_addresses": [],
            "key_name": "my_key",
            "launch_template": [],
            "maintenance_options": [
              {
                "auto_recovery": "default"
              }
            ],
            "metadata_options": [
              {
                "http_endpoint": "enabled",
                "http_protocol_ipv6": "disabled",
                "http_put_response_hop_limit": 2,
                "http_tokens": "required",
                "instance_metadata_tags": "disabled"
              }
            ],
            "monitoring": false,
            "network_interface": [],
            "outpost_arn": "",
            "password_data": "",
            "placement_group": "",
            "placement_partition_number": 0,
            "primary_network_interface_id": "eni-027941b90aaae86e0",
            "private_dns": "ip-10-0-1-19.ap-northeast-2.compute.internal",
            "private_dns_name_options": [
              {
                "enable_resource_name_dns_a_record": false,
                "enable_resource_name_dns_aaaa_record": false,
                "hostname_type": "ip-name"
              }
            ],
            "private_ip": "10.0.1.19",
            "public_dns": "",
            "public_ip": "52.79.114.47",
            "root_block_device": [
              {
                "delete_on_termination": true,
                "device_name": "/dev/sda1",
                "encrypted": false,
                "iops": 3000,
                "kms_key_id": "",
                "tags": {},
                "tags_all": {},
                "throughput": 125,
                "volume_id": "vol-0887fc89204032289",
                "volume_size": 8,
                "volume_type": "gp3"
              }
            ],
            "secondary_private_ips": [],
            "security_groups": [],
            "source_dest_check": true,
            "spot_instance_request_id": "",
            "subnet_id": "subnet-005490a999310df91",
            "tags": {
              "Name": "bastion_host"
            },
            "tags_all": {
              "Name": "bastion_host"
            },
            "tenancy": "default",
            "timeouts": null,
            "user_data": null,
            "user_data_base64": null,
            "user_data_replace_on_change": false,
            "volume_tags": null,
            "vpc_security_group_ids": [
              "sg-082a00fcf578f2600"
            ]
          },
          "sensitive_attributes": [],
          "private": "eyJlMmJmYjczMC1lY2FhLTExZTYtOGY4OC0zNDM2M2JjN2M0YzAiOnsiY3JlYXRlIjo2MDAwMDAwMDAwMDAsImRlbGV0ZSI6MTIwMDAwMDAwMDAwMCwicmVhZCI6OTAwMDAwMDAwMDAwLCJ1cGRhdGUiOjYwMDAwMDAwMDAwMH0sInNjaGVtYV92ZXJzaW9uIjoiMSJ9",
          "dependencies": [
            "module.key_pair.aws_key_pair.my_key",
            "module.key_pair.tls_private_key.example",
            "module.security_group.aws_security_group.allow_ssh",
            "module.subnet.aws_subnet.public1",
            "module.subnet.aws_subnet.public2",
            "module.vpc.aws_vpc.main"
          ]
        }
      ]
    },
    {
      "module": "module.ec2",
      "mode": "managed",
      "type": "aws_instance",
      "name": "nat_instance",
      "provider": "provider[\"registry.terraform.io/hashicorp/aws\"]",
      "instances": [
        {
          "schema_version": 1,
          "attributes": {
            "ami": "ami-0c2d3e23e757b5d84",
            "arn": "arn:aws:ec2:ap-northeast-2:108782082145:instance/i-03640a6cfe9552951",
            "associate_public_ip_address": true,
            "availability_zone": "ap-northeast-2c",
            "capacity_reservation_specification": [
              {
                "capacity_reservation_preference": "open",
                "capacity_reservation_target": []
              }
            ],
            "cpu_core_count": 1,
            "cpu_options": [
              {
                "amd_sev_snp": "",
                "core_count": 1,
                "threads_per_core": 1
              }
            ],
            "cpu_threads_per_core": 1,
            "credit_specification": [
              {
                "cpu_credits": "standard"
              }
            ],
            "disable_api_stop": false,
            "disable_api_termination": false,
            "ebs_block_device": [],
            "ebs_optimized": false,
            "enclave_options": [
              {
                "enabled": false
              }
            ],
            "ephemeral_block_device": [],
            "get_password_data": false,
            "hibernation": false,
            "host_id": "",
            "host_resource_group_arn": null,
            "iam_instance_profile": "",
            "id": "i-03640a6cfe9552951",
            "instance_initiated_shutdown_behavior": "stop",
            "instance_lifecycle": "",
            "instance_market_options": [],
            "instance_state": "running",
            "instance_type": "t2.micro",
            "ipv6_address_count": 0,
            "ipv6_addresses": [],
            "key_name": "my_key",
            "launch_template": [],
            "maintenance_options": [
              {
                "auto_recovery": "default"
              }
            ],
            "metadata_options": [
              {
                "http_endpoint": "enabled",
                "http_protocol_ipv6": "disabled",
                "http_put_response_hop_limit": 1,
                "http_tokens": "optional",
                "instance_metadata_tags": "disabled"
              }
            ],
            "monitoring": false,
            "network_interface": [],
            "outpost_arn": "",
            "password_data": "",
            "placement_group": "",
            "placement_partition_number": 0,
            "primary_network_interface_id": "eni-05f375928ec1d1c53",
            "private_dns": "ip-10-0-2-251.ap-northeast-2.compute.internal",
            "private_dns_name_options": [
              {
                "enable_resource_name_dns_a_record": false,
                "enable_resource_name_dns_aaaa_record": false,
                "hostname_type": "ip-name"
              }
            ],
            "private_ip": "10.0.2.251",
            "public_dns": "",
            "public_ip": "43.200.178.104",
            "root_block_device": [
              {
                "delete_on_termination": true,
                "device_name": "/dev/xvda",
                "encrypted": false,
                "iops": 0,
                "kms_key_id": "",
                "tags": {},
                "tags_all": {},
                "throughput": 0,
                "volume_id": "vol-02c8dda8035b1c1f7",
                "volume_size": 8,
                "volume_type": "standard"
              }
            ],
            "secondary_private_ips": [],
            "security_groups": [],
            "source_dest_check": false,
            "spot_instance_request_id": "",
            "subnet_id": "subnet-038317e9c7ed0f934",
            "tags": {
              "Name": "nat_instance"
            },
            "tags_all": {
              "Name": "nat_instance"
            },
            "tenancy": "default",
            "timeouts": null,
            "user_data": null,
            "user_data_base64": null,
            "user_data_replace_on_change": false,
            "volume_tags": null,
            "vpc_security_group_ids": [
              "sg-082a00fcf578f2600"
            ]
          },
          "sensitive_attributes": [],
          "private": "eyJlMmJmYjczMC1lY2FhLTExZTYtOGY4OC0zNDM2M2JjN2M0YzAiOnsiY3JlYXRlIjo2MDAwMDAwMDAwMDAsImRlbGV0ZSI6MTIwMDAwMDAwMDAwMCwicmVhZCI6OTAwMDAwMDAwMDAwLCJ1cGRhdGUiOjYwMDAwMDAwMDAwMH0sInNjaGVtYV92ZXJzaW9uIjoiMSJ9",
          "dependencies": [
            "module.key_pair.aws_key_pair.my_key",
            "module.key_pair.tls_private_key.example",
            "module.security_group.aws_security_group.allow_ssh",
            "module.subnet.aws_subnet.public1",
            "module.subnet.aws_subnet.public2",
            "module.vpc.aws_vpc.main"
          ]
        }
      ]
    },
    {
      "module": "module.ec2",
      "mode": "managed",
      "type": "aws_instance",
      "name": "web1",
      "provider": "provider[\"registry.terraform.io/hashicorp/aws\"]",
      "instances": [
        {
          "schema_version": 1,
          "attributes": {
            "ami": "ami-040c33c6a51fd5d96",
            "arn": "arn:aws:ec2:ap-northeast-2:108782082145:instance/i-05c764ecdc35dc542",
            "associate_public_ip_address": false,
            "availability_zone": "ap-northeast-2a",
            "capacity_reservation_specification": [
              {
                "capacity_reservation_preference": "open",
                "capacity_reservation_target": []
              }
            ],
            "cpu_core_count": 1,
            "cpu_options": [
              {
                "amd_sev_snp": "",
                "core_count": 1,
                "threads_per_core": 1
              }
            ],
            "cpu_threads_per_core": 1,
            "credit_specification": [
              {
                "cpu_credits": "standard"
              }
            ],
            "disable_api_stop": false,
            "disable_api_termination": false,
            "ebs_block_device": [],
            "ebs_optimized": false,
            "enclave_options": [
              {
                "enabled": false
              }
            ],
            "ephemeral_block_device": [],
            "get_password_data": false,
            "hibernation": false,
            "host_id": "",
            "host_resource_group_arn": null,
            "iam_instance_profile": "",
            "id": "i-05c764ecdc35dc542",
            "instance_initiated_shutdown_behavior": "stop",
            "instance_lifecycle": "",
            "instance_market_options": [],
            "instance_state": "running",
            "instance_type": "t2.micro",
            "ipv6_address_count": 0,
            "ipv6_addresses": [],
            "key_name": "my_key",
            "launch_template": [],
            "maintenance_options": [
              {
                "auto_recovery": "default"
              }
            ],
            "metadata_options": [
              {
                "http_endpoint": "enabled",
                "http_protocol_ipv6": "disabled",
                "http_put_response_hop_limit": 2,
                "http_tokens": "required",
                "instance_metadata_tags": "disabled"
              }
            ],
            "monitoring": false,
            "network_interface": [],
            "outpost_arn": "",
            "password_data": "",
            "placement_group": "",
            "placement_partition_number": 0,
            "primary_network_interface_id": "eni-05b1a359c1a0b0d63",
            "private_dns": "ip-10-0-3-226.ap-northeast-2.compute.internal",
            "private_dns_name_options": [
              {
                "enable_resource_name_dns_a_record": false,
                "enable_resource_name_dns_aaaa_record": false,
                "hostname_type": "ip-name"
              }
            ],
            "private_ip": "10.0.3.226",
            "public_dns": "",
            "public_ip": "",
            "root_block_device": [
              {
                "delete_on_termination": true,
                "device_name": "/dev/sda1",
                "encrypted": false,
                "iops": 3000,
                "kms_key_id": "",
                "tags": {},
                "tags_all": {},
                "throughput": 125,
                "volume_id": "vol-0eac8611212a62f68",
                "volume_size": 8,
                "volume_type": "gp3"
              }
            ],
            "secondary_private_ips": [],
            "security_groups": [],
            "source_dest_check": true,
            "spot_instance_request_id": "",
            "subnet_id": "subnet-02b67f69ff67d304f",
            "tags": {
              "Name": "web1"
            },
            "tags_all": {
              "Name": "web1"
            },
            "tenancy": "default",
            "timeouts": null,
            "user_data": null,
            "user_data_base64": null,
            "user_data_replace_on_change": false,
            "volume_tags": null,
            "vpc_security_group_ids": [
              "sg-082a00fcf578f2600"
            ]
          },
          "sensitive_attributes": [],
          "private": "eyJlMmJmYjczMC1lY2FhLTExZTYtOGY4OC0zNDM2M2JjN2M0YzAiOnsiY3JlYXRlIjo2MDAwMDAwMDAwMDAsImRlbGV0ZSI6MTIwMDAwMDAwMDAwMCwicmVhZCI6OTAwMDAwMDAwMDAwLCJ1cGRhdGUiOjYwMDAwMDAwMDAwMH0sInNjaGVtYV92ZXJzaW9uIjoiMSJ9",
          "dependencies": [
            "module.key_pair.aws_key_pair.my_key",
            "module.key_pair.tls_private_key.example",
            "module.security_group.aws_security_group.allow_ssh",
            "module.subnet.aws_subnet.private1",
            "module.subnet.aws_subnet.private2",
            "module.vpc.aws_vpc.main"
          ]
        }
      ]
    },
    {
      "module": "module.ec2",
      "mode": "managed",
      "type": "aws_instance",
      "name": "web2",
      "provider": "provider[\"registry.terraform.io/hashicorp/aws\"]",
      "instances": [
        {
          "schema_version": 1,
          "attributes": {
            "ami": "ami-040c33c6a51fd5d96",
            "arn": "arn:aws:ec2:ap-northeast-2:108782082145:instance/i-04e0be412dcbdcdb2",
            "associate_public_ip_address": false,
            "availability_zone": "ap-northeast-2c",
            "capacity_reservation_specification": [
              {
                "capacity_reservation_preference": "open",
                "capacity_reservation_target": []
              }
            ],
            "cpu_core_count": 1,
            "cpu_options": [
              {
                "amd_sev_snp": "",
                "core_count": 1,
                "threads_per_core": 1
              }
            ],
            "cpu_threads_per_core": 1,
            "credit_specification": [
              {
                "cpu_credits": "standard"
              }
            ],
            "disable_api_stop": false,
            "disable_api_termination": false,
            "ebs_block_device": [],
            "ebs_optimized": false,
            "enclave_options": [
              {
                "enabled": false
              }
            ],
            "ephemeral_block_device": [],
            "get_password_data": false,
            "hibernation": false,
            "host_id": "",
            "host_resource_group_arn": null,
            "iam_instance_profile": "",
            "id": "i-04e0be412dcbdcdb2",
            "instance_initiated_shutdown_behavior": "stop",
            "instance_lifecycle": "",
            "instance_market_options": [],
            "instance_state": "running",
            "instance_type": "t2.micro",
            "ipv6_address_count": 0,
            "ipv6_addresses": [],
            "key_name": "my_key",
            "launch_template": [],
            "maintenance_options": [
              {
                "auto_recovery": "default"
              }
            ],
            "metadata_options": [
              {
                "http_endpoint": "enabled",
                "http_protocol_ipv6": "disabled",
                "http_put_response_hop_limit": 2,
                "http_tokens": "required",
                "instance_metadata_tags": "disabled"
              }
            ],
            "monitoring": false,
            "network_interface": [],
            "outpost_arn": "",
            "password_data": "",
            "placement_group": "",
            "placement_partition_number": 0,
            "primary_network_interface_id": "eni-0b94b4be059805fb2",
            "private_dns": "ip-10-0-4-157.ap-northeast-2.compute.internal",
            "private_dns_name_options": [
              {
                "enable_resource_name_dns_a_record": false,
                "enable_resource_name_dns_aaaa_record": false,
                "hostname_type": "ip-name"
              }
            ],
            "private_ip": "10.0.4.157",
            "public_dns": "",
            "public_ip": "",
            "root_block_device": [
              {
                "delete_on_termination": true,
                "device_name": "/dev/sda1",
                "encrypted": false,
                "iops": 3000,
                "kms_key_id": "",
                "tags": {},
                "tags_all": {},
                "throughput": 125,
                "volume_id": "vol-0b036cae4af8603fb",
                "volume_size": 8,
                "volume_type": "gp3"
              }
            ],
            "secondary_private_ips": [],
            "security_groups": [],
            "source_dest_check": true,
            "spot_instance_request_id": "",
            "subnet_id": "subnet-0b8504a468719021f",
            "tags": {
              "Name": "web2"
            },
            "tags_all": {
              "Name": "web2"
            },
            "tenancy": "default",
            "timeouts": null,
            "user_data": null,
            "user_data_base64": null,
            "user_data_replace_on_change": false,
            "volume_tags": null,
            "vpc_security_group_ids": [
              "sg-082a00fcf578f2600"
            ]
          },
          "sensitive_attributes": [],
          "private": "eyJlMmJmYjczMC1lY2FhLTExZTYtOGY4OC0zNDM2M2JjN2M0YzAiOnsiY3JlYXRlIjo2MDAwMDAwMDAwMDAsImRlbGV0ZSI6MTIwMDAwMDAwMDAwMCwicmVhZCI6OTAwMDAwMDAwMDAwLCJ1cGRhdGUiOjYwMDAwMDAwMDAwMH0sInNjaGVtYV92ZXJzaW9uIjoiMSJ9",
          "dependencies": [
            "module.key_pair.aws_key_pair.my_key",
            "module.key_pair.tls_private_key.example",
            "module.security_group.aws_security_group.allow_ssh",
            "module.subnet.aws_subnet.private1",
            "module.subnet.aws_subnet.private2",
            "module.vpc.aws_vpc.main"
          ]
        }
      ]
    },
    {
      "module": "module.key_pair",
      "mode": "managed",
      "type": "aws_key_pair",
      "name": "my_key",
      "provider": "provider[\"registry.terraform.io/hashicorp/aws\"]",
      "instances": [
        {
          "schema_version": 1,
          "attributes": {
            "arn": "arn:aws:ec2:ap-northeast-2:108782082145:key-pair/my_key",
            "fingerprint": "f8:aa:93:ef:cd:58:11:b5:52:60:88:7f:5a:ff:4b:f9",
            "id": "my_key",
            "key_name": "my_key",
            "key_name_prefix": "",
            "key_pair_id": "key-022d73e695c716141",
            "key_type": "rsa",
            "public_key": "ssh-rsa AAAAB3NzaC1yc2EAAAADAQABAAABAQCtnQdhrqWsbCIklGpi/2v9wIG3b7rn6zPBnDjAqjxmLgHK3vUtrCaGoG/SlY98UaQc/VoGVV+On62rfcnq9RIZY91VhGMY6kMQelOKN2+nooi87z8ASS2AMsHPvyMEcDpO2C2GfdSUGX5dQLCKUx/tvRuEpU/pGLLrIClK7BhAOpcodeioltuyqcLmxclOlWCbOkniGCGa65nL3aY8e60FU9wOPqMsMxk4HHofbgFhnwRBR/ZTRzgfmdC3tMEq8tw9LPRGT6Mu0vDtR4i186ozbZVKJ9M+7NkkiJVh7C+n7fhMHRiBP7+sczGNJCAeKmnlTl9St1JRP3rr4kq2BrPv",
            "tags": null,
            "tags_all": {}
          },
          "sensitive_attributes": [],
          "private": "eyJzY2hlbWFfdmVyc2lvbiI6IjEifQ==",
          "dependencies": [
            "module.key_pair.tls_private_key.example"
          ]
        }
      ]
    },
    {
      "module": "module.key_pair",
      "mode": "managed",
      "type": "local_file",
      "name": "private_key",
      "provider": "provider[\"registry.terraform.io/hashicorp/local\"]",
      "instances": [
        {
          "schema_version": 0,
          "attributes": {
            "content": "-----BEGIN RSA PRIVATE KEY-----\nMIIEowIBAAKCAQEArZ0HYa6lrGwiJJRqYv9r/cCBt2+65+szwZw4wKo8Zi4Byt71\nLawmhqBv0pWPfFGkHP1aBlVfjp+tq33J6vUSGWPdVYRjGOpDEHpTijdvp6KIvO8/\nAEktgDLBz78jBHA6Ttgthn3UlBl+XUCwilMf7b0bhKVP6Riy6yApSuwYQDqXKHXo\nqJbbsqnC5sXJTpVgmzpJ4hghmuuZy92mPHutBVPcDj6jLDMZOBx6H24BYZ8EQUf2\nU0c4H5nQt7TBKvLcPSz0Rk+jLtLw7UeItfOqM22VSifTPuzZJIiVYewvp+34TB0Y\ngT+/rHMxjSQgHipp5U5fUrdSUT966+JKtgaz7wIDAQABAoIBABjJm70xn0vf4HwS\niKH7z+JZ8utK04e7SBdzg5LWe2snVHAvpxfPRWzhSTXqzqK0UVcmQQ04cT0+xSAA\nBK08MkpXvMkx7qgnAk4++OB6C8IGbblz+y3CRPHRzWQo6QoAMAMD0HQsUQaYITeV\nPd9yANQDtQMaSy9/rEPvwpWE4e2Bc8zAUOAuD/JaY3SNixcU988rFlA88zrqKiEq\nVEHO2JUjSvKc0T9Owg5DRxFC+zFtz2hfmFKOtNbxJrfspzTxKDXlThCtYgxz7VBI\nSjB3i5+Ob9UN+rqLFkm04NeCCge1nyxoPY8QOrBO68xjXH6SE6fv7HmMqWWNVW1z\ngV79kVkCgYEA2IQcZUVoHHzmXd14A7xR/goc4o01o7PmlXhciDOElOpORuqbgXQV\nvO/FKBUIyLLftfAZk04rSF/O1smFHMc8/6FFw6poFGqmXxe//zb248UcZH1D243V\njZGfepvkhb5dYFDPdhWQ2+bJoP+c7C+PqeTNd2GAMAGH6py0UnIFYosCgYEAzUYK\nEoRl+06KoSxn2tb16CF2/ehe9p1pnY5XaQzY7wMyAvYsNIL0o9qKHhIb/uqG7E+7\nKH6VSoJfKbmQb3Xk8ViH2Bo8rfzV7fJge4ysnDaAs/JntT/UNw9j7q/0TlkXJj+p\nnfPpD+pHlqU+gz+LczROVb/GCFd3kjP1gVlY1K0CgYEAhBKqY5gf9ui1eWKEN/sj\nJMy0a/npU2+E435lK2wJnvECSL4Jl8DhFbxIzrduAUcjsY7Bexq+ykovGNQaj8B1\nVBXjQYTsMjAQRodtRdgYaD4voJjM0NvG/bFrz9XSY0cJHJyOwKBNGebA7aWe6m/k\nuaTpNL5T/HSinRlz4arN4BsCgYB/C1cWiMzZUY3pHKOWRK5jIbsUgGmttlT0h3E/\n+gyVOOQOAy/uvBIPCyWqYMjk51/kB6Cs+lMJj1C4cTmcUloEqSdCL1LY1//LSdQ/\nAxydffn/5QocmkmMXkEaK9pHV0pFiOdAdAINsJDoApODBaQYBAprdcppxUCiwvey\nO4sH7QKBgAdzQYAtTL8SUhIboCzYh1lL3+yZ7USoXJtZvzuc3PWaB2tm/qoem+BX\nq2AbaRPXqq4TyBvtrVJe90PqxPnZLU+fcuX5IKhr+TKIdvylJiRPhSPGmjFoAIBc\nqcR0lOSdVjjl56HWm1qJY0ZuxMjrbTZCvX0swsFnNjd0j7rJvYGf\n-----END RSA PRIVATE KEY-----\n",
            "content_base64": null,
            "content_base64sha256": "zx9nL72PiPr7MI0ZU9v9BVVLb+Cu9x/l3WhWEDQUwtM=",
            "content_base64sha512": "pn9tlpTcNeRelHQMIl4IczWudDtVy0bfQASQTG5mMvb6+ocNxWRlgiZYcdneVMQGIyzhSPhbBDY41yOlm6bG4Q==",
            "content_md5": "3a29d9cad7901cf39f8e11dbe3bc0989",
            "content_sha1": "7f5ff33617e0cf55cdf064ff53e9ddc551ed9e3c",
            "content_sha256": "cf1f672fbd8f88fafb308d1953dbfd05554b6fe0aef71fe5dd6856103414c2d3",
            "content_sha512": "a67f6d9694dc35e45e94740c225e087335ae743b55cb46df4004904c6e6632f6fafa870dc5646582265871d9de54c406232ce148f85b043638d723a59ba6c6e1",
            "directory_permission": "0777",
            "file_permission": "0777",
            "filename": "modules/key-pair/my_key.pem",
            "id": "7f5ff33617e0cf55cdf064ff53e9ddc551ed9e3c",
            "sensitive_content": null,
            "source": null
          },
          "sensitive_attributes": [
            [
              {
                "type": "get_attr",
                "value": "sensitive_content"
              }
            ],
            [
              {
                "type": "get_attr",
                "value": "content"
              }
            ]
          ],
          "dependencies": [
            "module.key_pair.tls_private_key.example"
          ]
        }
      ]
    },
    {
      "module": "module.key_pair",
      "mode": "managed",
      "type": "tls_private_key",
      "name": "example",
      "provider": "provider[\"registry.terraform.io/hashicorp/tls\"]",
      "instances": [
        {
          "schema_version": 1,
          "attributes": {
            "algorithm": "RSA",
            "ecdsa_curve": "P224",
            "id": "da030d32eea9f5cc79581b7d881afa578c15dc5c",
            "private_key_openssh": "-----BEGIN OPENSSH PRIVATE KEY-----\nb3BlbnNzaC1rZXktdjEAAAAABG5vbmUAAAAEbm9uZQAAAAAAAAABAAABFwAAAAdz\nc2gtcnNhAAAAAwEAAQAAAQEArZ0HYa6lrGwiJJRqYv9r/cCBt2+65+szwZw4wKo8\nZi4Byt71LawmhqBv0pWPfFGkHP1aBlVfjp+tq33J6vUSGWPdVYRjGOpDEHpTijdv\np6KIvO8/AEktgDLBz78jBHA6Ttgthn3UlBl+XUCwilMf7b0bhKVP6Riy6yApSuwY\nQDqXKHXoqJbbsqnC5sXJTpVgmzpJ4hghmuuZy92mPHutBVPcDj6jLDMZOBx6H24B\nYZ8EQUf2U0c4H5nQt7TBKvLcPSz0Rk+jLtLw7UeItfOqM22VSifTPuzZJIiVYewv\np+34TB0YgT+/rHMxjSQgHipp5U5fUrdSUT966+JKtgaz7wAAA7ggZMsZIGTLGQAA\nAAdzc2gtcnNhAAABAQCtnQdhrqWsbCIklGpi/2v9wIG3b7rn6zPBnDjAqjxmLgHK\n3vUtrCaGoG/SlY98UaQc/VoGVV+On62rfcnq9RIZY91VhGMY6kMQelOKN2+nooi8\n7z8ASS2AMsHPvyMEcDpO2C2GfdSUGX5dQLCKUx/tvRuEpU/pGLLrIClK7BhAOpco\ndeioltuyqcLmxclOlWCbOkniGCGa65nL3aY8e60FU9wOPqMsMxk4HHofbgFhnwRB\nR/ZTRzgfmdC3tMEq8tw9LPRGT6Mu0vDtR4i186ozbZVKJ9M+7NkkiJVh7C+n7fhM\nHRiBP7+sczGNJCAeKmnlTl9St1JRP3rr4kq2BrPvAAAAAwEAAQAAAQAYyZu9MZ9L\n3+B8Eoih+8/iWfLrStOHu0gXc4OS1ntrJ1RwL6cXz0Vs4Uk16s6itFFXJkENOHE9\nPsUgAAStPDJKV7zJMe6oJwJOPvjgegvCBm25c/stwkTx0c1kKOkKADADA9B0LFEG\nmCE3lT3fcgDUA7UDGksvf6xD78KVhOHtgXPMwFDgLg/yWmN0jYsXFPfPKxZQPPM6\n6iohKlRBztiVI0rynNE/TsIOQ0cRQvsxbc9oX5hSjrTW8Sa37Kc08Sg15U4QrWIM\nc+1QSEowd4ufjm/VDfq6ixZJtODXggoHtZ8saD2PEDqwTuvMY1x+khOn7+x5jKll\njVVtc4Fe/ZFZAAAAgAdzQYAtTL8SUhIboCzYh1lL3+yZ7USoXJtZvzuc3PWaB2tm\n/qoem+BXq2AbaRPXqq4TyBvtrVJe90PqxPnZLU+fcuX5IKhr+TKIdvylJiRPhSPG\nmjFoAIBcqcR0lOSdVjjl56HWm1qJY0ZuxMjrbTZCvX0swsFnNjd0j7rJvYGfAAAA\ngQDYhBxlRWgcfOZd3XgDvFH+ChzijTWjs+aVeFyIM4SU6k5G6puBdBW878UoFQjI\nst+18BmTTitIX87WyYUcxzz/oUXDqmgUaqZfF7//NvbjxRxkfUPbjdWNkZ96m+SF\nvl1gUM92FZDb5smg/5zsL4+p5M13YYAwAYfqnLRScgViiwAAAIEAzUYKEoRl+06K\noSxn2tb16CF2/ehe9p1pnY5XaQzY7wMyAvYsNIL0o9qKHhIb/uqG7E+7KH6VSoJf\nKbmQb3Xk8ViH2Bo8rfzV7fJge4ysnDaAs/JntT/UNw9j7q/0TlkXJj+pnfPpD+pH\nlqU+gz+LczROVb/GCFd3kjP1gVlY1K0AAAAAAQID\n-----END OPENSSH PRIVATE KEY-----\n",
            "private_key_pem": "-----BEGIN RSA PRIVATE KEY-----\nMIIEowIBAAKCAQEArZ0HYa6lrGwiJJRqYv9r/cCBt2+65+szwZw4wKo8Zi4Byt71\nLawmhqBv0pWPfFGkHP1aBlVfjp+tq33J6vUSGWPdVYRjGOpDEHpTijdvp6KIvO8/\nAEktgDLBz78jBHA6Ttgthn3UlBl+XUCwilMf7b0bhKVP6Riy6yApSuwYQDqXKHXo\nqJbbsqnC5sXJTpVgmzpJ4hghmuuZy92mPHutBVPcDj6jLDMZOBx6H24BYZ8EQUf2\nU0c4H5nQt7TBKvLcPSz0Rk+jLtLw7UeItfOqM22VSifTPuzZJIiVYewvp+34TB0Y\ngT+/rHMxjSQgHipp5U5fUrdSUT966+JKtgaz7wIDAQABAoIBABjJm70xn0vf4HwS\niKH7z+JZ8utK04e7SBdzg5LWe2snVHAvpxfPRWzhSTXqzqK0UVcmQQ04cT0+xSAA\nBK08MkpXvMkx7qgnAk4++OB6C8IGbblz+y3CRPHRzWQo6QoAMAMD0HQsUQaYITeV\nPd9yANQDtQMaSy9/rEPvwpWE4e2Bc8zAUOAuD/JaY3SNixcU988rFlA88zrqKiEq\nVEHO2JUjSvKc0T9Owg5DRxFC+zFtz2hfmFKOtNbxJrfspzTxKDXlThCtYgxz7VBI\nSjB3i5+Ob9UN+rqLFkm04NeCCge1nyxoPY8QOrBO68xjXH6SE6fv7HmMqWWNVW1z\ngV79kVkCgYEA2IQcZUVoHHzmXd14A7xR/goc4o01o7PmlXhciDOElOpORuqbgXQV\nvO/FKBUIyLLftfAZk04rSF/O1smFHMc8/6FFw6poFGqmXxe//zb248UcZH1D243V\njZGfepvkhb5dYFDPdhWQ2+bJoP+c7C+PqeTNd2GAMAGH6py0UnIFYosCgYEAzUYK\nEoRl+06KoSxn2tb16CF2/ehe9p1pnY5XaQzY7wMyAvYsNIL0o9qKHhIb/uqG7E+7\nKH6VSoJfKbmQb3Xk8ViH2Bo8rfzV7fJge4ysnDaAs/JntT/UNw9j7q/0TlkXJj+p\nnfPpD+pHlqU+gz+LczROVb/GCFd3kjP1gVlY1K0CgYEAhBKqY5gf9ui1eWKEN/sj\nJMy0a/npU2+E435lK2wJnvECSL4Jl8DhFbxIzrduAUcjsY7Bexq+ykovGNQaj8B1\nVBXjQYTsMjAQRodtRdgYaD4voJjM0NvG/bFrz9XSY0cJHJyOwKBNGebA7aWe6m/k\nuaTpNL5T/HSinRlz4arN4BsCgYB/C1cWiMzZUY3pHKOWRK5jIbsUgGmttlT0h3E/\n+gyVOOQOAy/uvBIPCyWqYMjk51/kB6Cs+lMJj1C4cTmcUloEqSdCL1LY1//LSdQ/\nAxydffn/5QocmkmMXkEaK9pHV0pFiOdAdAINsJDoApODBaQYBAprdcppxUCiwvey\nO4sH7QKBgAdzQYAtTL8SUhIboCzYh1lL3+yZ7USoXJtZvzuc3PWaB2tm/qoem+BX\nq2AbaRPXqq4TyBvtrVJe90PqxPnZLU+fcuX5IKhr+TKIdvylJiRPhSPGmjFoAIBc\nqcR0lOSdVjjl56HWm1qJY0ZuxMjrbTZCvX0swsFnNjd0j7rJvYGf\n-----END RSA PRIVATE KEY-----\n",
            "private_key_pem_pkcs8": "-----BEGIN PRIVATE KEY-----\nMIIEvQIBADANBgkqhkiG9w0BAQEFAASCBKcwggSjAgEAAoIBAQCtnQdhrqWsbCIk\nlGpi/2v9wIG3b7rn6zPBnDjAqjxmLgHK3vUtrCaGoG/SlY98UaQc/VoGVV+On62r\nfcnq9RIZY91VhGMY6kMQelOKN2+nooi87z8ASS2AMsHPvyMEcDpO2C2GfdSUGX5d\nQLCKUx/tvRuEpU/pGLLrIClK7BhAOpcodeioltuyqcLmxclOlWCbOkniGCGa65nL\n3aY8e60FU9wOPqMsMxk4HHofbgFhnwRBR/ZTRzgfmdC3tMEq8tw9LPRGT6Mu0vDt\nR4i186ozbZVKJ9M+7NkkiJVh7C+n7fhMHRiBP7+sczGNJCAeKmnlTl9St1JRP3rr\n4kq2BrPvAgMBAAECggEAGMmbvTGfS9/gfBKIofvP4lny60rTh7tIF3ODktZ7aydU\ncC+nF89FbOFJNerOorRRVyZBDThxPT7FIAAErTwySle8yTHuqCcCTj744HoLwgZt\nuXP7LcJE8dHNZCjpCgAwAwPQdCxRBpghN5U933IA1AO1AxpLL3+sQ+/ClYTh7YFz\nzMBQ4C4P8lpjdI2LFxT3zysWUDzzOuoqISpUQc7YlSNK8pzRP07CDkNHEUL7MW3P\naF+YUo601vEmt+ynNPEoNeVOEK1iDHPtUEhKMHeLn45v1Q36uosWSbTg14IKB7Wf\nLGg9jxA6sE7rzGNcfpITp+/seYypZY1VbXOBXv2RWQKBgQDYhBxlRWgcfOZd3XgD\nvFH+ChzijTWjs+aVeFyIM4SU6k5G6puBdBW878UoFQjIst+18BmTTitIX87WyYUc\nxzz/oUXDqmgUaqZfF7//NvbjxRxkfUPbjdWNkZ96m+SFvl1gUM92FZDb5smg/5zs\nL4+p5M13YYAwAYfqnLRScgViiwKBgQDNRgoShGX7ToqhLGfa1vXoIXb96F72nWmd\njldpDNjvAzIC9iw0gvSj2ooeEhv+6obsT7sofpVKgl8puZBvdeTxWIfYGjyt/NXt\n8mB7jKycNoCz8me1P9Q3D2Pur/ROWRcmP6md8+kP6keWpT6DP4tzNE5Vv8YIV3eS\nM/WBWVjUrQKBgQCEEqpjmB/26LV5YoQ3+yMkzLRr+elTb4TjfmUrbAme8QJIvgmX\nwOEVvEjOt24BRyOxjsF7Gr7KSi8Y1BqPwHVUFeNBhOwyMBBGh21F2BhoPi+gmMzQ\n28b9sWvP1dJjRwkcnI7AoE0Z5sDtpZ7qb+S5pOk0vlP8dKKdGXPhqs3gGwKBgH8L\nVxaIzNlRjekco5ZErmMhuxSAaa22VPSHcT/6DJU45A4DL+68Eg8LJapgyOTnX+QH\noKz6UwmPULhxOZxSWgSpJ0IvUtjX/8tJ1D8DHJ19+f/lChyaSYxeQRor2kdXSkWI\n50B0Ag2wkOgCk4MFpBgECmt1ymnFQKLC97I7iwftAoGAB3NBgC1MvxJSEhugLNiH\nWUvf7JntRKhcm1m/O5zc9ZoHa2b+qh6b4FerYBtpE9eqrhPIG+2tUl73Q+rE+dkt\nT59y5fkgqGv5Moh2/KUmJE+FI8aaMWgAgFypxHSU5J1WOOXnodabWoljRm7EyOtt\nNkK9fSzCwWc2N3SPusm9gZ8=\n-----END PRIVATE KEY-----\n",
            "public_key_fingerprint_md5": "c1:9d:61:82:e2:e6:b3:11:22:c2:e5:11:90:47:d5:3f",
            "public_key_fingerprint_sha256": "SHA256:ePIx9R1tbMCtpkidLoaqBAyOBq6D+shfsfXSjS/+SeU",
            "public_key_openssh": "ssh-rsa AAAAB3NzaC1yc2EAAAADAQABAAABAQCtnQdhrqWsbCIklGpi/2v9wIG3b7rn6zPBnDjAqjxmLgHK3vUtrCaGoG/SlY98UaQc/VoGVV+On62rfcnq9RIZY91VhGMY6kMQelOKN2+nooi87z8ASS2AMsHPvyMEcDpO2C2GfdSUGX5dQLCKUx/tvRuEpU/pGLLrIClK7BhAOpcodeioltuyqcLmxclOlWCbOkniGCGa65nL3aY8e60FU9wOPqMsMxk4HHofbgFhnwRBR/ZTRzgfmdC3tMEq8tw9LPRGT6Mu0vDtR4i186ozbZVKJ9M+7NkkiJVh7C+n7fhMHRiBP7+sczGNJCAeKmnlTl9St1JRP3rr4kq2BrPv\n",
            "public_key_pem": "-----BEGIN PUBLIC KEY-----\nMIIBIjANBgkqhkiG9w0BAQEFAAOCAQ8AMIIBCgKCAQEArZ0HYa6lrGwiJJRqYv9r\n/cCBt2+65+szwZw4wKo8Zi4Byt71LawmhqBv0pWPfFGkHP1aBlVfjp+tq33J6vUS\nGWPdVYRjGOpDEHpTijdvp6KIvO8/AEktgDLBz78jBHA6Ttgthn3UlBl+XUCwilMf\n7b0bhKVP6Riy6yApSuwYQDqXKHXoqJbbsqnC5sXJTpVgmzpJ4hghmuuZy92mPHut\nBVPcDj6jLDMZOBx6H24BYZ8EQUf2U0c4H5nQt7TBKvLcPSz0Rk+jLtLw7UeItfOq\nM22VSifTPuzZJIiVYewvp+34TB0YgT+/rHMxjSQgHipp5U5fUrdSUT966+JKtgaz\n7wIDAQAB\n-----END PUBLIC KEY-----\n",
            "rsa_bits": 2048
          },
          "sensitive_attributes": [
            [
              {
                "type": "get_attr",
                "value": "private_key_pem"
              }
            ],
            [
              {
                "type": "get_attr",
                "value": "private_key_openssh"
              }
            ],
            [
              {
                "type": "get_attr",
                "value": "private_key_pem_pkcs8"
              }
            ]
          ]
        }
      ]
    },
    {
      "module": "module.rds",
      "mode": "managed",
      "type": "aws_db_instance",
      "name": "this",
      "provider": "provider[\"registry.terraform.io/hashicorp/aws\"]",
      "instances": [
        {
          "schema_version": 2,
          "attributes": {
            "address": "mydatabase.ch64mwcw49o3.ap-northeast-2.rds.amazonaws.com",
            "allocated_storage": 20,
            "allow_major_version_upgrade": null,
            "apply_immediately": false,
            "arn": "arn:aws:rds:ap-northeast-2:108782082145:db:mydatabase",
            "auto_minor_version_upgrade": true,
            "availability_zone": "ap-northeast-2c",
            "backup_retention_period": 0,
            "backup_target": "region",
            "backup_window": "15:43-16:13",
            "blue_green_update": [],
            "ca_cert_identifier": "rds-ca-rsa2048-g1",
            "character_set_name": "",
            "copy_tags_to_snapshot": false,
            "custom_iam_instance_profile": "",
            "customer_owned_ip_enabled": false,
            "db_name": "",
            "db_subnet_group_name": "mydatabase-subnet-group",
            "dedicated_log_volume": false,
            "delete_automated_backups": true,
            "deletion_protection": false,
            "domain": "",
            "domain_auth_secret_arn": "",
            "domain_dns_ips": null,
            "domain_fqdn": "",
            "domain_iam_role_name": "",
            "domain_ou": "",
            "enabled_cloudwatch_logs_exports": null,
            "endpoint": "mydatabase.ch64mwcw49o3.ap-northeast-2.rds.amazonaws.com:5432",
            "engine": "postgres",
            "engine_lifecycle_support": "open-source-rds-extended-support",
            "engine_version": "16.3",
            "engine_version_actual": "16.3",
            "final_snapshot_identifier": "final-mydatabase",
            "hosted_zone_id": "ZLA2NUCOLGUUR",
            "iam_database_authentication_enabled": false,
            "id": "db-IXH6N3PBAKJGJJPS5J5E2RFWBM",
            "identifier": "mydatabase",
            "identifier_prefix": "",
            "instance_class": "db.t3.micro",
            "iops": 0,
            "kms_key_id": "",
            "latest_restorable_time": "",
            "license_model": "postgresql-license",
            "listener_endpoint": [],
            "maintenance_window": "tue:16:50-tue:17:20",
            "manage_master_user_password": null,
            "master_user_secret": [],
            "master_user_secret_kms_key_id": null,
            "max_allocated_storage": 0,
            "monitoring_interval": 0,
            "monitoring_role_arn": "",
            "multi_az": false,
            "nchar_character_set_name": "",
            "network_type": "IPV4",
            "option_group_name": "default:postgres-16",
            "parameter_group_name": "default.postgres16",
            "password": "test1234",
            "performance_insights_enabled": false,
            "performance_insights_kms_key_id": "",
            "performance_insights_retention_period": 0,
            "port": 5432,
            "publicly_accessible": false,
            "replica_mode": "",
            "replicas": [],
            "replicate_source_db": "",
            "resource_id": "db-IXH6N3PBAKJGJJPS5J5E2RFWBM",
            "restore_to_point_in_time": [],
            "s3_import": [],
            "skip_final_snapshot": true,
            "snapshot_identifier": null,
            "status": "available",
            "storage_encrypted": false,
            "storage_throughput": 0,
            "storage_type": "gp2",
            "tags": null,
            "tags_all": {},
            "timeouts": null,
            "timezone": "",
            "upgrade_storage_config": null,
            "username": "postgres",
            "vpc_security_group_ids": [
              "sg-082a00fcf578f2600"
            ]
          },
          "sensitive_attributes": [
            [
              {
                "type": "get_attr",
                "value": "password"
              }
            ]
          ],
          "private": "eyJlMmJmYjczMC1lY2FhLTExZTYtOGY4OC0zNDM2M2JjN2M0YzAiOnsiY3JlYXRlIjoyNDAwMDAwMDAwMDAwLCJkZWxldGUiOjM2MDAwMDAwMDAwMDAsInVwZGF0ZSI6NDgwMDAwMDAwMDAwMH0sInNjaGVtYV92ZXJzaW9uIjoiMiJ9",
          "dependencies": [
            "module.rds.aws_db_subnet_group.this",
            "module.security_group.aws_security_group.allow_ssh",
            "module.subnet.aws_subnet.private1",
            "module.subnet.aws_subnet.private2",
            "module.vpc.aws_vpc.main"
          ]
        }
      ]
    },
    {
      "module": "module.rds",
      "mode": "managed",
      "type": "aws_db_subnet_group",
      "name": "this",
      "provider": "provider[\"registry.terraform.io/hashicorp/aws\"]",
      "instances": [
        {
          "schema_version": 0,
          "attributes": {
            "arn": "arn:aws:rds:ap-northeast-2:108782082145:subgrp:mydatabase-subnet-group",
            "description": "Managed by Terraform",
            "id": "mydatabase-subnet-group",
            "name": "mydatabase-subnet-group",
            "name_prefix": "",
            "subnet_ids": [
              "subnet-02b67f69ff67d304f",
              "subnet-0b8504a468719021f"
            ],
            "supported_network_types": [
              "IPV4"
            ],
            "tags": {
              "Name": "mydatabase-subnet-group"
            },
            "tags_all": {
              "Name": "mydatabase-subnet-group"
            },
            "vpc_id": "vpc-0e48fc8932914661d"
          },
          "sensitive_attributes": [],
          "private": "bnVsbA==",
          "dependencies": [
            "module.subnet.aws_subnet.private1",
            "module.subnet.aws_subnet.private2",
            "module.vpc.aws_vpc.main"
          ]
        }
      ]
    },
    {
      "module": "module.s3",
      "mode": "managed",
      "type": "aws_s3_bucket",
      "name": "this",
      "provider": "provider[\"registry.terraform.io/hashicorp/aws\"]",
      "instances": [
        {
          "schema_version": 0,
          "attributes": {
            "acceleration_status": "",
            "acl": null,
            "arn": "arn:aws:s3:::my-unique-bucket-name-sionkim",
            "bucket": "my-unique-bucket-name-sionkim",
            "bucket_domain_name": "my-unique-bucket-name-sionkim.s3.amazonaws.com",
            "bucket_prefix": "",
            "bucket_regional_domain_name": "my-unique-bucket-name-sionkim.s3.ap-northeast-2.amazonaws.com",
            "cors_rule": [],
            "force_destroy": false,
            "grant": [
              {
                "id": "95ec31a8854d5399ae022127e1b0b8b1ffdc897795bdcb844be4a9569f304d0d",
                "permissions": [
                  "FULL_CONTROL"
                ],
                "type": "CanonicalUser",
                "uri": ""
              }
            ],
            "hosted_zone_id": "Z3W03O7B5YMIYP",
            "id": "my-unique-bucket-name-sionkim",
            "lifecycle_rule": [],
            "logging": [],
            "object_lock_configuration": [],
            "object_lock_enabled": false,
            "policy": "",
            "region": "ap-northeast-2",
            "replication_configuration": [],
            "request_payer": "BucketOwner",
            "server_side_encryption_configuration": [
              {
                "rule": [
                  {
                    "apply_server_side_encryption_by_default": [
                      {
                        "kms_master_key_id": "",
                        "sse_algorithm": "AES256"
                      }
                    ],
                    "bucket_key_enabled": false
                  }
                ]
              }
            ],
            "tags": null,
            "tags_all": {},
            "timeouts": null,
            "versioning": [
              {
                "enabled": false,
                "mfa_delete": false
              }
            ],
            "website": [],
            "website_domain": null,
            "website_endpoint": null
          },
          "sensitive_attributes": [],
          "private": "eyJlMmJmYjczMC1lY2FhLTExZTYtOGY4OC0zNDM2M2JjN2M0YzAiOnsiY3JlYXRlIjoxMjAwMDAwMDAwMDAwLCJkZWxldGUiOjM2MDAwMDAwMDAwMDAsInJlYWQiOjEyMDAwMDAwMDAwMDAsInVwZGF0ZSI6MTIwMDAwMDAwMDAwMH19"
        }
      ]
    },
    {
      "module": "module.security_group",
      "mode": "managed",
      "type": "aws_security_group",
      "name": "allow_ssh",
      "provider": "provider[\"registry.terraform.io/hashicorp/aws\"]",
      "instances": [
        {
          "schema_version": 1,
          "attributes": {
            "arn": "arn:aws:ec2:ap-northeast-2:108782082145:security-group/sg-082a00fcf578f2600",
            "description": "Allow SSH inbound traffic",
            "egress": [
              {
                "cidr_blocks": [
                  "0.0.0.0/0"
                ],
                "description": "",
                "from_port": 0,
                "ipv6_cidr_blocks": [],
                "prefix_list_ids": [],
                "protocol": "-1",
                "security_groups": [],
                "self": false,
                "to_port": 0
              }
            ],
            "id": "sg-082a00fcf578f2600",
            "ingress": [
              {
                "cidr_blocks": [
                  "0.0.0.0/0"
                ],
                "description": "",
                "from_port": 0,
                "ipv6_cidr_blocks": [],
                "prefix_list_ids": [],
                "protocol": "-1",
                "security_groups": [],
                "self": false,
                "to_port": 0
              },
              {
                "cidr_blocks": [
                  "0.0.0.0/0"
                ],
                "description": "",
                "from_port": 22,
                "ipv6_cidr_blocks": [],
                "prefix_list_ids": [],
                "protocol": "tcp",
                "security_groups": [],
                "self": false,
                "to_port": 22
              }
            ],
            "name": "allow_ssh",
            "name_prefix": "",
            "owner_id": "108782082145",
            "revoke_rules_on_delete": false,
            "tags": {
              "Name": "allow_ssh"
            },
            "tags_all": {
              "Name": "allow_ssh"
            },
            "timeouts": null,
            "vpc_id": "vpc-0e48fc8932914661d"
          },
          "sensitive_attributes": [],
          "private": "eyJlMmJmYjczMC1lY2FhLTExZTYtOGY4OC0zNDM2M2JjN2M0YzAiOnsiY3JlYXRlIjo2MDAwMDAwMDAwMDAsImRlbGV0ZSI6OTAwMDAwMDAwMDAwfSwic2NoZW1hX3ZlcnNpb24iOiIxIn0=",
          "dependencies": [
            "module.vpc.aws_vpc.main"
          ]
        }
      ]
    },
    {
      "module": "module.subnet",
      "mode": "managed",
      "type": "aws_route_table_association",
      "name": "private_1",
      "provider": "provider[\"registry.terraform.io/hashicorp/aws\"]",
      "instances": [
        {
          "schema_version": 0,
          "attributes": {
            "gateway_id": "",
            "id": "rtbassoc-08968a0adb294bae0",
            "route_table_id": "rtb-0d65ba2059409b8d5",
            "subnet_id": "subnet-02b67f69ff67d304f",
            "timeouts": null
          },
          "sensitive_attributes": [],
          "private": "eyJlMmJmYjczMC1lY2FhLTExZTYtOGY4OC0zNDM2M2JjN2M0YzAiOnsiY3JlYXRlIjozMDAwMDAwMDAwMDAsImRlbGV0ZSI6MzAwMDAwMDAwMDAwLCJ1cGRhdGUiOjEyMDAwMDAwMDAwMH19",
          "dependencies": [
            "module.ec2.aws_instance.nat_instance",
            "module.key_pair.aws_key_pair.my_key",
            "module.key_pair.tls_private_key.example",
            "module.security_group.aws_security_group.allow_ssh",
            "module.subnet.aws_subnet.private1",
            "module.subnet.aws_subnet.public1",
            "module.subnet.aws_subnet.public2",
            "module.vpc.aws_route_table.main1",
            "module.vpc.aws_vpc.main"
          ]
        }
      ]
    },
    {
      "module": "module.subnet",
      "mode": "managed",
      "type": "aws_route_table_association",
      "name": "private_2",
      "provider": "provider[\"registry.terraform.io/hashicorp/aws\"]",
      "instances": [
        {
          "schema_version": 0,
          "attributes": {
            "gateway_id": "",
            "id": "rtbassoc-0cf0f53d317b1ed08",
            "route_table_id": "rtb-0d65ba2059409b8d5",
            "subnet_id": "subnet-0b8504a468719021f",
            "timeouts": null
          },
          "sensitive_attributes": [],
          "private": "eyJlMmJmYjczMC1lY2FhLTExZTYtOGY4OC0zNDM2M2JjN2M0YzAiOnsiY3JlYXRlIjozMDAwMDAwMDAwMDAsImRlbGV0ZSI6MzAwMDAwMDAwMDAwLCJ1cGRhdGUiOjEyMDAwMDAwMDAwMH19",
          "dependencies": [
            "module.ec2.aws_instance.nat_instance",
            "module.key_pair.aws_key_pair.my_key",
            "module.key_pair.tls_private_key.example",
            "module.security_group.aws_security_group.allow_ssh",
            "module.subnet.aws_subnet.private2",
            "module.subnet.aws_subnet.public1",
            "module.subnet.aws_subnet.public2",
            "module.vpc.aws_route_table.main1",
            "module.vpc.aws_vpc.main"
          ]
        }
      ]
    },
    {
      "module": "module.subnet",
      "mode": "managed",
      "type": "aws_route_table_association",
      "name": "public_1",
      "provider": "provider[\"registry.terraform.io/hashicorp/aws\"]",
      "instances": [
        {
          "schema_version": 0,
          "attributes": {
            "gateway_id": "",
            "id": "rtbassoc-001db8cc2d40cc9eb",
            "route_table_id": "rtb-0cf5961aadfb2398f",
            "subnet_id": "subnet-005490a999310df91",
            "timeouts": null
          },
          "sensitive_attributes": [],
          "private": "eyJlMmJmYjczMC1lY2FhLTExZTYtOGY4OC0zNDM2M2JjN2M0YzAiOnsiY3JlYXRlIjozMDAwMDAwMDAwMDAsImRlbGV0ZSI6MzAwMDAwMDAwMDAwLCJ1cGRhdGUiOjEyMDAwMDAwMDAwMH19",
          "dependencies": [
            "module.subnet.aws_subnet.public1",
            "module.vpc.aws_internet_gateway.main",
            "module.vpc.aws_route_table.main",
            "module.vpc.aws_vpc.main"
          ]
        }
      ]
    },
    {
      "module": "module.subnet",
      "mode": "managed",
      "type": "aws_route_table_association",
      "name": "public_2",
      "provider": "provider[\"registry.terraform.io/hashicorp/aws\"]",
      "instances": [
        {
          "schema_version": 0,
          "attributes": {
            "gateway_id": "",
            "id": "rtbassoc-0facf692ce858dc9f",
            "route_table_id": "rtb-0cf5961aadfb2398f",
            "subnet_id": "subnet-038317e9c7ed0f934",
            "timeouts": null
          },
          "sensitive_attributes": [],
          "private": "eyJlMmJmYjczMC1lY2FhLTExZTYtOGY4OC0zNDM2M2JjN2M0YzAiOnsiY3JlYXRlIjozMDAwMDAwMDAwMDAsImRlbGV0ZSI6MzAwMDAwMDAwMDAwLCJ1cGRhdGUiOjEyMDAwMDAwMDAwMH19",
          "dependencies": [
            "module.subnet.aws_subnet.public2",
            "module.vpc.aws_internet_gateway.main",
            "module.vpc.aws_route_table.main",
            "module.vpc.aws_vpc.main"
          ]
        }
      ]
    },
    {
      "module": "module.subnet",
      "mode": "managed",
      "type": "aws_subnet",
      "name": "private1",
      "provider": "provider[\"registry.terraform.io/hashicorp/aws\"]",
      "instances": [
        {
          "schema_version": 1,
          "attributes": {
            "arn": "arn:aws:ec2:ap-northeast-2:108782082145:subnet/subnet-02b67f69ff67d304f",
            "assign_ipv6_address_on_creation": false,
            "availability_zone": "ap-northeast-2a",
            "availability_zone_id": "apne2-az1",
            "cidr_block": "10.0.3.0/24",
            "customer_owned_ipv4_pool": "",
            "enable_dns64": false,
            "enable_lni_at_device_index": 0,
            "enable_resource_name_dns_a_record_on_launch": false,
            "enable_resource_name_dns_aaaa_record_on_launch": false,
            "id": "subnet-02b67f69ff67d304f",
            "ipv6_cidr_block": "",
            "ipv6_cidr_block_association_id": "",
            "ipv6_native": false,
            "map_customer_owned_ip_on_launch": false,
            "map_public_ip_on_launch": false,
            "outpost_arn": "",
            "owner_id": "108782082145",
            "private_dns_hostname_type_on_launch": "ip-name",
            "tags": {
              "Name": "private-subnet-1"
            },
            "tags_all": {
              "Name": "private-subnet-1"
            },
            "timeouts": null,
            "vpc_id": "vpc-0e48fc8932914661d"
          },
          "sensitive_attributes": [],
          "private": "eyJlMmJmYjczMC1lY2FhLTExZTYtOGY4OC0zNDM2M2JjN2M0YzAiOnsiY3JlYXRlIjo2MDAwMDAwMDAwMDAsImRlbGV0ZSI6MTIwMDAwMDAwMDAwMH0sInNjaGVtYV92ZXJzaW9uIjoiMSJ9",
          "dependencies": [
            "module.vpc.aws_vpc.main"
          ]
        }
      ]
    },
    {
      "module": "module.subnet",
      "mode": "managed",
      "type": "aws_subnet",
      "name": "private2",
      "provider": "provider[\"registry.terraform.io/hashicorp/aws\"]",
      "instances": [
        {
          "schema_version": 1,
          "attributes": {
            "arn": "arn:aws:ec2:ap-northeast-2:108782082145:subnet/subnet-0b8504a468719021f",
            "assign_ipv6_address_on_creation": false,
            "availability_zone": "ap-northeast-2c",
            "availability_zone_id": "apne2-az3",
            "cidr_block": "10.0.4.0/24",
            "customer_owned_ipv4_pool": "",
            "enable_dns64": false,
            "enable_lni_at_device_index": 0,
            "enable_resource_name_dns_a_record_on_launch": false,
            "enable_resource_name_dns_aaaa_record_on_launch": false,
            "id": "subnet-0b8504a468719021f",
            "ipv6_cidr_block": "",
            "ipv6_cidr_block_association_id": "",
            "ipv6_native": false,
            "map_customer_owned_ip_on_launch": false,
            "map_public_ip_on_launch": false,
            "outpost_arn": "",
            "owner_id": "108782082145",
            "private_dns_hostname_type_on_launch": "ip-name",
            "tags": {
              "Name": "private-subnet-2"
            },
            "tags_all": {
              "Name": "private-subnet-2"
            },
            "timeouts": null,
            "vpc_id": "vpc-0e48fc8932914661d"
          },
          "sensitive_attributes": [],
          "private": "eyJlMmJmYjczMC1lY2FhLTExZTYtOGY4OC0zNDM2M2JjN2M0YzAiOnsiY3JlYXRlIjo2MDAwMDAwMDAwMDAsImRlbGV0ZSI6MTIwMDAwMDAwMDAwMH0sInNjaGVtYV92ZXJzaW9uIjoiMSJ9",
          "dependencies": [
            "module.vpc.aws_vpc.main"
          ]
        }
      ]
    },
    {
      "module": "module.subnet",
      "mode": "managed",
      "type": "aws_subnet",
      "name": "public1",
      "provider": "provider[\"registry.terraform.io/hashicorp/aws\"]",
      "instances": [
        {
          "schema_version": 1,
          "attributes": {
            "arn": "arn:aws:ec2:ap-northeast-2:108782082145:subnet/subnet-005490a999310df91",
            "assign_ipv6_address_on_creation": false,
            "availability_zone": "ap-northeast-2a",
            "availability_zone_id": "apne2-az1",
            "cidr_block": "10.0.1.0/24",
            "customer_owned_ipv4_pool": "",
            "enable_dns64": false,
            "enable_lni_at_device_index": 0,
            "enable_resource_name_dns_a_record_on_launch": false,
            "enable_resource_name_dns_aaaa_record_on_launch": false,
            "id": "subnet-005490a999310df91",
            "ipv6_cidr_block": "",
            "ipv6_cidr_block_association_id": "",
            "ipv6_native": false,
            "map_customer_owned_ip_on_launch": false,
            "map_public_ip_on_launch": true,
            "outpost_arn": "",
            "owner_id": "108782082145",
            "private_dns_hostname_type_on_launch": "ip-name",
            "tags": {
              "Name": "public-subnet-1"
            },
            "tags_all": {
              "Name": "public-subnet-1"
            },
            "timeouts": null,
            "vpc_id": "vpc-0e48fc8932914661d"
          },
          "sensitive_attributes": [],
          "private": "eyJlMmJmYjczMC1lY2FhLTExZTYtOGY4OC0zNDM2M2JjN2M0YzAiOnsiY3JlYXRlIjo2MDAwMDAwMDAwMDAsImRlbGV0ZSI6MTIwMDAwMDAwMDAwMH0sInNjaGVtYV92ZXJzaW9uIjoiMSJ9",
          "dependencies": [
            "module.vpc.aws_vpc.main"
          ]
        }
      ]
    },
    {
      "module": "module.subnet",
      "mode": "managed",
      "type": "aws_subnet",
      "name": "public2",
      "provider": "provider[\"registry.terraform.io/hashicorp/aws\"]",
      "instances": [
        {
          "schema_version": 1,
          "attributes": {
            "arn": "arn:aws:ec2:ap-northeast-2:108782082145:subnet/subnet-038317e9c7ed0f934",
            "assign_ipv6_address_on_creation": false,
            "availability_zone": "ap-northeast-2c",
            "availability_zone_id": "apne2-az3",
            "cidr_block": "10.0.2.0/24",
            "customer_owned_ipv4_pool": "",
            "enable_dns64": false,
            "enable_lni_at_device_index": 0,
            "enable_resource_name_dns_a_record_on_launch": false,
            "enable_resource_name_dns_aaaa_record_on_launch": false,
            "id": "subnet-038317e9c7ed0f934",
            "ipv6_cidr_block": "",
            "ipv6_cidr_block_association_id": "",
            "ipv6_native": false,
            "map_customer_owned_ip_on_launch": false,
            "map_public_ip_on_launch": true,
            "outpost_arn": "",
            "owner_id": "108782082145",
            "private_dns_hostname_type_on_launch": "ip-name",
            "tags": {
              "Name": "public-subnet-2"
            },
            "tags_all": {
              "Name": "public-subnet-2"
            },
            "timeouts": null,
            "vpc_id": "vpc-0e48fc8932914661d"
          },
          "sensitive_attributes": [],
          "private": "eyJlMmJmYjczMC1lY2FhLTExZTYtOGY4OC0zNDM2M2JjN2M0YzAiOnsiY3JlYXRlIjo2MDAwMDAwMDAwMDAsImRlbGV0ZSI6MTIwMDAwMDAwMDAwMH0sInNjaGVtYV92ZXJzaW9uIjoiMSJ9",
          "dependencies": [
            "module.vpc.aws_vpc.main"
          ]
        }
      ]
    },
    {
      "module": "module.vpc",
      "mode": "managed",
      "type": "aws_internet_gateway",
      "name": "main",
      "provider": "provider[\"registry.terraform.io/hashicorp/aws\"]",
      "instances": [
        {
          "schema_version": 0,
          "attributes": {
            "arn": "arn:aws:ec2:ap-northeast-2:108782082145:internet-gateway/igw-0ff6d3d2512d15cfb",
            "id": "igw-0ff6d3d2512d15cfb",
            "owner_id": "108782082145",
            "tags": {
              "Name": "my-igw"
            },
            "tags_all": {
              "Name": "my-igw"
            },
            "timeouts": null,
            "vpc_id": "vpc-0e48fc8932914661d"
          },
          "sensitive_attributes": [],
          "private": "eyJlMmJmYjczMC1lY2FhLTExZTYtOGY4OC0zNDM2M2JjN2M0YzAiOnsiY3JlYXRlIjoxMjAwMDAwMDAwMDAwLCJkZWxldGUiOjEyMDAwMDAwMDAwMDAsInVwZGF0ZSI6MTIwMDAwMDAwMDAwMH19",
          "dependencies": [
            "module.vpc.aws_vpc.main"
          ]
        }
      ]
    },
    {
      "module": "module.vpc",
      "mode": "managed",
      "type": "aws_route_table",
      "name": "main",
      "provider": "provider[\"registry.terraform.io/hashicorp/aws\"]",
      "instances": [
        {
          "schema_version": 0,
          "attributes": {
            "arn": "arn:aws:ec2:ap-northeast-2:108782082145:route-table/rtb-0cf5961aadfb2398f",
            "id": "rtb-0cf5961aadfb2398f",
            "owner_id": "108782082145",
            "propagating_vgws": [],
            "route": [
              {
                "carrier_gateway_id": "",
                "cidr_block": "0.0.0.0/0",
                "core_network_arn": "",
                "destination_prefix_list_id": "",
                "egress_only_gateway_id": "",
                "gateway_id": "igw-0ff6d3d2512d15cfb",
                "ipv6_cidr_block": "",
                "local_gateway_id": "",
                "nat_gateway_id": "",
                "network_interface_id": "",
                "transit_gateway_id": "",
                "vpc_endpoint_id": "",
                "vpc_peering_connection_id": ""
              }
            ],
            "tags": {
              "Name": "my-route-table"
            },
            "tags_all": {
              "Name": "my-route-table"
            },
            "timeouts": null,
            "vpc_id": "vpc-0e48fc8932914661d"
          },
          "sensitive_attributes": [],
          "private": "eyJlMmJmYjczMC1lY2FhLTExZTYtOGY4OC0zNDM2M2JjN2M0YzAiOnsiY3JlYXRlIjozMDAwMDAwMDAwMDAsImRlbGV0ZSI6MzAwMDAwMDAwMDAwLCJ1cGRhdGUiOjEyMDAwMDAwMDAwMH19",
          "dependencies": [
            "module.vpc.aws_internet_gateway.main",
            "module.vpc.aws_vpc.main"
          ]
        }
      ]
    },
    {
      "module": "module.vpc",
      "mode": "managed",
      "type": "aws_route_table",
      "name": "main1",
      "provider": "provider[\"registry.terraform.io/hashicorp/aws\"]",
      "instances": [
        {
          "schema_version": 0,
          "attributes": {
            "arn": "arn:aws:ec2:ap-northeast-2:108782082145:route-table/rtb-0d65ba2059409b8d5",
            "id": "rtb-0d65ba2059409b8d5",
            "owner_id": "108782082145",
            "propagating_vgws": [],
            "route": [
              {
                "carrier_gateway_id": "",
                "cidr_block": "0.0.0.0/0",
                "core_network_arn": "",
                "destination_prefix_list_id": "",
                "egress_only_gateway_id": "",
                "gateway_id": "",
                "ipv6_cidr_block": "",
                "local_gateway_id": "",
                "nat_gateway_id": "",
                "network_interface_id": "eni-05f375928ec1d1c53",
                "transit_gateway_id": "",
                "vpc_endpoint_id": "",
                "vpc_peering_connection_id": ""
              }
            ],
            "tags": {
              "Name": "my-route-table-nat"
            },
            "tags_all": {
              "Name": "my-route-table-nat"
            },
            "timeouts": null,
            "vpc_id": "vpc-0e48fc8932914661d"
          },
          "sensitive_attributes": [],
          "private": "eyJlMmJmYjczMC1lY2FhLTExZTYtOGY4OC0zNDM2M2JjN2M0YzAiOnsiY3JlYXRlIjozMDAwMDAwMDAwMDAsImRlbGV0ZSI6MzAwMDAwMDAwMDAwLCJ1cGRhdGUiOjEyMDAwMDAwMDAwMH19",
          "dependencies": [
            "module.ec2.aws_instance.nat_instance",
            "module.key_pair.aws_key_pair.my_key",
            "module.key_pair.tls_private_key.example",
            "module.security_group.aws_security_group.allow_ssh",
            "module.subnet.aws_subnet.public1",
            "module.subnet.aws_subnet.public2",
            "module.vpc.aws_vpc.main"
          ]
        }
      ]
    },
    {
      "module": "module.vpc",
      "mode": "managed",
      "type": "aws_vpc",
      "name": "main",
      "provider": "provider[\"registry.terraform.io/hashicorp/aws\"]",
      "instances": [
        {
          "schema_version": 1,
          "attributes": {
            "arn": "arn:aws:ec2:ap-northeast-2:108782082145:vpc/vpc-0e48fc8932914661d",
            "assign_generated_ipv6_cidr_block": false,
            "cidr_block": "10.0.0.0/16",
            "default_network_acl_id": "acl-0250dd3d821888098",
            "default_route_table_id": "rtb-0975cadcc77737a69",
            "default_security_group_id": "sg-042dddcb4fb091e33",
            "dhcp_options_id": "dopt-0570a05bfbee7451a",
            "enable_dns_hostnames": false,
            "enable_dns_support": true,
            "enable_network_address_usage_metrics": false,
            "id": "vpc-0e48fc8932914661d",
            "instance_tenancy": "default",
            "ipv4_ipam_pool_id": null,
            "ipv4_netmask_length": null,
            "ipv6_association_id": "",
            "ipv6_cidr_block": "",
            "ipv6_cidr_block_network_border_group": "",
            "ipv6_ipam_pool_id": "",
            "ipv6_netmask_length": 0,
            "main_route_table_id": "rtb-0975cadcc77737a69",
            "owner_id": "108782082145",
            "tags": {
              "Name": "main-vpc"
            },
            "tags_all": {
              "Name": "main-vpc"
            }
          },
          "sensitive_attributes": [],
          "private": "eyJzY2hlbWFfdmVyc2lvbiI6IjEifQ=="
        }
      ]
    }
  ],
  "check_results": null
}
